
Microsoft Visual Studio Solution File, Format Version 12.00
# Visual Studio Version 16
VisualStudioVersion = 16.0.30011.22
MinimumVisualStudioVersion = 10.0.40219.1
Project("{9A19103F-16F7-4668-BE54-9A1E7A4F7556}") = "Test2", "Test2.csproj", "{A8927478-BA55-41C5-87F3-834D6EB0EE70}"
EndProject
Global
	GlobalSection(SolutionConfigurationPlatforms) = preSolution
		Debug|Any CPU = Debug|Any CPU
		Release|Any CPU = Release|Any CPU
	EndGlobalSection
	GlobalSection(ProjectConfigurationPlatforms) = postSolution
		{A8927478-BA55-41C5-87F3-834D6EB0EE70}.Debug|Any CPU.ActiveCfg = Debug|Any CPU
		{A8927478-BA55-41C5-87F3-834D6EB0EE70}.Debug|Any CPU.Build.0 = Debug|Any CPU
		{A8927478-BA55-41C5-87F3-834D6EB0EE70}.Release|Any CPU.ActiveCfg = Release|Any CPU
		{A8927478-BA55-41C5-87F3-834D6EB0EE70}.Release|Any CPU.Build.0 = Release|Any CPU
	EndGlobalSection
	GlobalSection(SolutionProperties) = preSolution
		HideSolutionNode = FALSE
	EndGlobalSection
	GlobalSection(ExtensibilityGlobals) = postSolution
		SolutionGuid = {2DF010FA-AFEF-4F97-9710-F289815B80C8}
	EndGlobalSection
EndGlobal
